
Microsoft Visual Studio Solution File, Format Version 12.00
# Visual Studio Version 17
VisualStudioVersion = 17.12.35707.178
MinimumVisualStudioVersion = 10.0.40219.1
Project("{2150E333-8FDC-42A3-9474-1A3956D46DE8}") = "1.Core", "1.Core", "{66110D60-D9BF-4FCC-A8EE-E65536AF81C1}"
EndProject
Project("{2150E333-8FDC-42A3-9474-1A3956D46DE8}") = "2.Models", "2.Models", "{EFC1A8FA-19D5-4DE2-91A0-255E5415C55D}"
EndProject
Project("{2150E333-8FDC-42A3-9474-1A3956D46DE8}") = "3.Repositories", "3.Repositories", "{B639F67B-90D8-4A16-9B6E-9A41E1821ED8}"
EndProject
Project("{2150E333-8FDC-42A3-9474-1A3956D46DE8}") = "4.Services", "4.Services", "{5C2951A2-A476-435E-9F46-2B35ADDE0860}"
EndProject
Project("{2150E333-8FDC-42A3-9474-1A3956D46DE8}") = "5.Utils", "5.Utils", "{A005623E-7E9E-4C32-BCA5-60E98B59DFB2}"
EndProject
Project("{2150E333-8FDC-42A3-9474-1A3956D46DE8}") = "9.Apis", "9.Apis", "{F47D5C20-0518-430F-875A-B9526126D738}"
EndProject
Project("{FAE04EC0-301F-11D3-BF4B-00C04F79EFBC}") = "FGMS.Models", "FGMS.Models\FGMS.Models.csproj", "{0A308B3E-81C6-4435-A3C4-B5F3C7C7B595}"
EndProject
Project("{FAE04EC0-301F-11D3-BF4B-00C04F79EFBC}") = "FGMS.Core", "FGMS.Core\FGMS.Core.csproj", "{AE814F31-4D59-4047-91B3-36C1B1799428}"
EndProject
Project("{FAE04EC0-301F-11D3-BF4B-00C04F79EFBC}") = "FGMS.Repositories", "FGMS.Repositories\FGMS.Repositories.csproj", "{D105FC4F-39A7-48D0-A06E-89BE42851732}"
EndProject
Project("{FAE04EC0-301F-11D3-BF4B-00C04F79EFBC}") = "FGMS.Services", "FGMS.Services\FGMS.Services.csproj", "{2ADCB619-39D6-41F3-8349-9222101B2108}"
EndProject
Project("{FAE04EC0-301F-11D3-BF4B-00C04F79EFBC}") = "FGMS.Utils", "FGMS.Utils\FGMS.Utils.csproj", "{9618D93A-17A9-4FE2-B9C7-72DCC1E792A0}"
EndProject
Project("{FAE04EC0-301F-11D3-BF4B-00C04F79EFBC}") = "FGMS.PC.Api", "FGMS.PC.Api\FGMS.PC.Api.csproj", "{594C6955-7764-4BB7-BAAB-CD66DE1321EA}"
EndProject
Project("{FAE04EC0-301F-11D3-BF4B-00C04F79EFBC}") = "FGMS.Android.Api", "FGMS.Android.Api\FGMS.Android.Api.csproj", "{624ECA27-9E8D-4DBA-A649-83A386A01FDC}"
EndProject
Project("{FAE04EC0-301F-11D3-BF4B-00C04F79EFBC}") = "FGMS.Mx.Core", "FGMS.Mx.Core\FGMS.Mx.Core.csproj", "{045B8D16-723C-44A0-A15F-B5438B111C7D}"
EndProject
Project("{FAE04EC0-301F-11D3-BF4B-00C04F79EFBC}") = "FGMS.Mx.Models", "FGMS.Mx.Models\FGMS.Mx.Models.csproj", "{8B25D8CC-5C3B-460A-AD4E-3240A85DEB9E}"
EndProject
Project("{FAE04EC0-301F-11D3-BF4B-00C04F79EFBC}") = "FGMS.Mx.Repositories", "FGMS.Mx.Repositories\FGMS.Mx.Repositories.csproj", "{D58A1A44-A442-45C5-98EE-C0CAFF29832E}"
EndProject
Project("{FAE04EC0-301F-11D3-BF4B-00C04F79EFBC}") = "FGMS.Mx.Services", "FGMS.Mx.Services\FGMS.Mx.Services.csproj", "{01189395-EF5B-411E-8BD6-83BE1AB029D8}"
EndProject
Project("{FAE04EC0-301F-11D3-BF4B-00C04F79EFBC}") = "FGMS.Agv.Api", "FGMS.Agv.Api\FGMS.Agv.Api.csproj", "{2BA99F39-C775-44E6-942D-FAF826CF2713}"
EndProject
Global
	GlobalSection(SolutionConfigurationPlatforms) = preSolution
		Debug|Any CPU = Debug|Any CPU
		Release|Any CPU = Release|Any CPU
	EndGlobalSection
	GlobalSection(ProjectConfigurationPlatforms) = postSolution
		{0A308B3E-81C6-4435-A3C4-B5F3C7C7B595}.Debug|Any CPU.ActiveCfg = Debug|Any CPU
		{0A308B3E-81C6-4435-A3C4-B5F3C7C7B595}.Debug|Any CPU.Build.0 = Debug|Any CPU
		{0A308B3E-81C6-4435-A3C4-B5F3C7C7B595}.Release|Any CPU.ActiveCfg = Release|Any CPU
		{0A308B3E-81C6-4435-A3C4-B5F3C7C7B595}.Release|Any CPU.Build.0 = Release|Any CPU
		{AE814F31-4D59-4047-91B3-36C1B1799428}.Debug|Any CPU.ActiveCfg = Debug|Any CPU
		{AE814F31-4D59-4047-91B3-36C1B1799428}.Debug|Any CPU.Build.0 = Debug|Any CPU
		{AE814F31-4D59-4047-91B3-36C1B1799428}.Release|Any CPU.ActiveCfg = Release|Any CPU
		{AE814F31-4D59-4047-91B3-36C1B1799428}.Release|Any CPU.Build.0 = Release|Any CPU
		{D105FC4F-39A7-48D0-A06E-89BE42851732}.Debug|Any CPU.ActiveCfg = Debug|Any CPU
		{D105FC4F-39A7-48D0-A06E-89BE42851732}.Debug|Any CPU.Build.0 = Debug|Any CPU
		{D105FC4F-39A7-48D0-A06E-89BE42851732}.Release|Any CPU.ActiveCfg = Release|Any CPU
		{D105FC4F-39A7-48D0-A06E-89BE42851732}.Release|Any CPU.Build.0 = Release|Any CPU
		{2ADCB619-39D6-41F3-8349-9222101B2108}.Debug|Any CPU.ActiveCfg = Debug|Any CPU
		{2ADCB619-39D6-41F3-8349-9222101B2108}.Debug|Any CPU.Build.0 = Debug|Any CPU
		{2ADCB619-39D6-41F3-8349-9222101B2108}.Release|Any CPU.ActiveCfg = Release|Any CPU
		{2ADCB619-39D6-41F3-8349-9222101B2108}.Release|Any CPU.Build.0 = Release|Any CPU
		{9618D93A-17A9-4FE2-B9C7-72DCC1E792A0}.Debug|Any CPU.ActiveCfg = Debug|Any CPU
		{9618D93A-17A9-4FE2-B9C7-72DCC1E792A0}.Debug|Any CPU.Build.0 = Debug|Any CPU
		{9618D93A-17A9-4FE2-B9C7-72DCC1E792A0}.Release|Any CPU.ActiveCfg = Release|Any CPU
		{9618D93A-17A9-4FE2-B9C7-72DCC1E792A0}.Release|Any CPU.Build.0 = Release|Any CPU
		{594C6955-7764-4BB7-BAAB-CD66DE1321EA}.Debug|Any CPU.ActiveCfg = Debug|Any CPU
		{594C6955-7764-4BB7-BAAB-CD66DE1321EA}.Debug|Any CPU.Build.0 = Debug|Any CPU
		{594C6955-7764-4BB7-BAAB-CD66DE1321EA}.Release|Any CPU.ActiveCfg = Release|Any CPU
		{594C6955-7764-4BB7-BAAB-CD66DE1321EA}.Release|Any CPU.Build.0 = Release|Any CPU
		{624ECA27-9E8D-4DBA-A649-83A386A01FDC}.Debug|Any CPU.ActiveCfg = Debug|Any CPU
		{624ECA27-9E8D-4DBA-A649-83A386A01FDC}.Debug|Any CPU.Build.0 = Debug|Any CPU
		{624ECA27-9E8D-4DBA-A649-83A386A01FDC}.Release|Any CPU.ActiveCfg = Release|Any CPU
		{624ECA27-9E8D-4DBA-A649-83A386A01FDC}.Release|Any CPU.Build.0 = Release|Any CPU
		{045B8D16-723C-44A0-A15F-B5438B111C7D}.Debug|Any CPU.ActiveCfg = Debug|Any CPU
		{045B8D16-723C-44A0-A15F-B5438B111C7D}.Debug|Any CPU.Build.0 = Debug|Any CPU
		{045B8D16-723C-44A0-A15F-B5438B111C7D}.Release|Any CPU.ActiveCfg = Release|Any CPU
		{045B8D16-723C-44A0-A15F-B5438B111C7D}.Release|Any CPU.Build.0 = Release|Any CPU
		{8B25D8CC-5C3B-460A-AD4E-3240A85DEB9E}.Debug|Any CPU.ActiveCfg = Debug|Any CPU
		{8B25D8CC-5C3B-460A-AD4E-3240A85DEB9E}.Debug|Any CPU.Build.0 = Debug|Any CPU
		{8B25D8CC-5C3B-460A-AD4E-3240A85DEB9E}.Release|Any CPU.ActiveCfg = Release|Any CPU
		{8B25D8CC-5C3B-460A-AD4E-3240A85DEB9E}.Release|Any CPU.Build.0 = Release|Any CPU
		{D58A1A44-A442-45C5-98EE-C0CAFF29832E}.Debug|Any CPU.ActiveCfg = Debug|Any CPU
		{D58A1A44-A442-45C5-98EE-C0CAFF29832E}.Debug|Any CPU.Build.0 = Debug|Any CPU
		{D58A1A44-A442-45C5-98EE-C0CAFF29832E}.Release|Any CPU.ActiveCfg = Release|Any CPU
		{D58A1A44-A442-45C5-98EE-C0CAFF29832E}.Release|Any CPU.Build.0 = Release|Any CPU
		{01189395-EF5B-411E-8BD6-83BE1AB029D8}.Debug|Any CPU.ActiveCfg = Debug|Any CPU
		{01189395-EF5B-411E-8BD6-83BE1AB029D8}.Debug|Any CPU.Build.0 = Debug|Any CPU
		{01189395-EF5B-411E-8BD6-83BE1AB029D8}.Release|Any CPU.ActiveCfg = Release|Any CPU
		{01189395-EF5B-411E-8BD6-83BE1AB029D8}.Release|Any CPU.Build.0 = Release|Any CPU
		{2BA99F39-C775-44E6-942D-FAF826CF2713}.Debug|Any CPU.ActiveCfg = Debug|Any CPU
		{2BA99F39-C775-44E6-942D-FAF826CF2713}.Debug|Any CPU.Build.0 = Debug|Any CPU
		{2BA99F39-C775-44E6-942D-FAF826CF2713}.Release|Any CPU.ActiveCfg = Release|Any CPU
		{2BA99F39-C775-44E6-942D-FAF826CF2713}.Release|Any CPU.Build.0 = Release|Any CPU
	EndGlobalSection
	GlobalSection(SolutionProperties) = preSolution
		HideSolutionNode = FALSE
	EndGlobalSection
	GlobalSection(NestedProjects) = preSolution
		{0A308B3E-81C6-4435-A3C4-B5F3C7C7B595} = {EFC1A8FA-19D5-4DE2-91A0-255E5415C55D}
		{AE814F31-4D59-4047-91B3-36C1B1799428} = {66110D60-D9BF-4FCC-A8EE-E65536AF81C1}
		{D105FC4F-39A7-48D0-A06E-89BE42851732} = {B639F67B-90D8-4A16-9B6E-9A41E1821ED8}
		{2ADCB619-39D6-41F3-8349-9222101B2108} = {5C2951A2-A476-435E-9F46-2B35ADDE0860}
		{9618D93A-17A9-4FE2-B9C7-72DCC1E792A0} = {A005623E-7E9E-4C32-BCA5-60E98B59DFB2}
		{594C6955-7764-4BB7-BAAB-CD66DE1321EA} = {F47D5C20-0518-430F-875A-B9526126D738}
		{624ECA27-9E8D-4DBA-A649-83A386A01FDC} = {F47D5C20-0518-430F-875A-B9526126D738}
		{045B8D16-723C-44A0-A15F-B5438B111C7D} = {66110D60-D9BF-4FCC-A8EE-E65536AF81C1}
		{8B25D8CC-5C3B-460A-AD4E-3240A85DEB9E} = {EFC1A8FA-19D5-4DE2-91A0-255E5415C55D}
		{D58A1A44-A442-45C5-98EE-C0CAFF29832E} = {B639F67B-90D8-4A16-9B6E-9A41E1821ED8}
		{01189395-EF5B-411E-8BD6-83BE1AB029D8} = {5C2951A2-A476-435E-9F46-2B35ADDE0860}
		{2BA99F39-C775-44E6-942D-FAF826CF2713} = {F47D5C20-0518-430F-875A-B9526126D738}
	EndGlobalSection
	GlobalSection(ExtensibilityGlobals) = postSolution
		SolutionGuid = {F746B6A5-23DC-4211-90DB-9688FBCD449C}
	EndGlobalSection
EndGlobal
